// !$*UTF8*$!
{
	archiveVersion = 1;
	classes = {
	};
	objectVersion = 46;
	objects = {

/* Begin PBXBuildFile section */
		04E995EA1DD1A37C0034F733 /* main.m in Sources */ = {isa = PBXBuildFile; fileRef = 04E995E91DD1A37C0034F733 /* main.m */; };
		04E995ED1DD1A37C0034F733 /* AppDelegate.m in Sources */ = {isa = PBXBuildFile; fileRef = 04E995EC1DD1A37C0034F733 /* AppDelegate.m */; };
		04E995F01DD1A37C0034F733 /* ViewController.m in Sources */ = {isa = PBXBuildFile; fileRef = 04E995EF1DD1A37C0034F733 /* ViewController.m */; };
		04E995F31DD1A37C0034F733 /* Main.storyboard in Resources */ = {isa = PBXBuildFile; fileRef = 04E995F11DD1A37C0034F733 /* Main.storyboard */; };
		04E995F51DD1A37C0034F733 /* Assets.xcassets in Resources */ = {isa = PBXBuildFile; fileRef = 04E995F41DD1A37C0034F733 /* Assets.xcassets */; };
		04E995F81DD1A37C0034F733 /* LaunchScreen.storyboard in Resources */ = {isa = PBXBuildFile; fileRef = 04E995F61DD1A37C0034F733 /* LaunchScreen.storyboard */; };
		04E996031DD1A37C0034F733 /* RGridViewTests.m in Sources */ = {isa = PBXBuildFile; fileRef = 04E996021DD1A37C0034F733 /* RGridViewTests.m */; };
		04E9960E1DD1A37C0034F733 /* RGridViewUITests.m in Sources */ = {isa = PBXBuildFile; fileRef = 04E9960D1DD1A37C0034F733 /* RGridViewUITests.m */; };
/* End PBXBuildFile section */

/* Begin PBXContainerItemProxy section */
		04E995FF1DD1A37C0034F733 /* PBXContainerItemProxy */ = {
			isa = PBXContainerItemProxy;
			containerPortal = 04E995DD1DD1A37C0034F733 /* Project object */;
			proxyType = 1;
			remoteGlobalIDString = 04E995E41DD1A37C0034F733;
			remoteInfo = RGridView;
		};
		04E9960A1DD1A37C0034F733 /* PBXContainerItemProxy */ = {
			isa = PBXContainerItemProxy;
			containerPortal = 04E995DD1DD1A37C0034F733 /* Project object */;
			proxyType = 1;
			remoteGlobalIDString = 04E995E41DD1A37C0034F733;
			remoteInfo = RGridView;
		};
/* End PBXContainerItemProxy section */

/* Begin PBXFileReference section */
		04E995E51DD1A37C0034F733 /* RGridView.app */ = {isa = PBXFileReference; explicitFileType = wrapper.application; includeInIndex = 0; path = RGridView.app; sourceTree = BUILT_PRODUCTS_DIR; };
		04E995E91DD1A37C0034F733 /* main.m */ = {isa = PBXFileReference; lastKnownFileType = sourcecode.c.objc; path = main.m; sourceTree = "<group>"; };
		04E995EB1DD1A37C0034F733 /* AppDelegate.h */ = {isa = PBXFileReference; lastKnownFileType = sourcecode.c.h; path = AppDelegate.h; sourceTree = "<group>"; };
		04E995EC1DD1A37C0034F733 /* AppDelegate.m */ = {isa = PBXFileReference; lastKnownFileType = sourcecode.c.objc; path = AppDelegate.m; sourceTree = "<group>"; };
		04E995EE1DD1A37C0034F733 /* ViewController.h */ = {isa = PBXFileReference; lastKnownFileType = sourcecode.c.h; path = ViewController.h; sourceTree = "<group>"; };
		04E995EF1DD1A37C0034F733 /* ViewController.m */ = {isa = PBXFileReference; lastKnownFileType = sourcecode.c.objc; path = ViewController.m; sourceTree = "<group>"; };
		04E995F21DD1A37C0034F733 /* Base */ = {isa = PBXFileReference; lastKnownFileType = file.storyboard; name = Base; path = Base.lproj/Main.storyboard; sourceTree = "<group>"; };
		04E995F41DD1A37C0034F733 /* Assets.xcassets */ = {isa = PBXFileReference; lastKnownFileType = folder.assetcatalog; path = Assets.xcassets; sourceTree = "<group>"; };
		04E995F71DD1A37C0034F733 /* Base */ = {isa = PBXFileReference; lastKnownFileType = file.storyboard; name = Base; path = Base.lproj/LaunchScreen.storyboard; sourceTree = "<group>"; };
		04E995F91DD1A37C0034F733 /* Info.plist */ = {isa = PBXFileReference; lastKnownFileType = text.plist.xml; path = Info.plist; sourceTree = "<group>"; };
		04E995FE1DD1A37C0034F733 /* RGridViewTests.xctest */ = {isa = PBXFileReference; explicitFileType = wrapper.cfbundle; includeInIndex = 0; path = RGridViewTests.xctest; sourceTree = BUILT_PRODUCTS_DIR; };
		04E996021DD1A37C0034F733 /* RGridViewTests.m */ = {isa = PBXFileReference; lastKnownFileType = sourcecode.c.objc; path = RGridViewTests.m; sourceTree = "<group>"; };
		04E996041DD1A37C0034F733 /* Info.plist */ = {isa = PBXFileReference; lastKnownFileType = text.plist.xml; path = Info.plist; sourceTree = "<group>"; };
		04E996091DD1A37C0034F733 /* RGridViewUITests.xctest */ = {isa = PBXFileReference; explicitFileType = wrapper.cfbundle; includeInIndex = 0; path = RGridViewUITests.xctest; sourceTree = BUILT_PRODUCTS_DIR; };
		04E9960D1DD1A37C0034F733 /* RGridViewUITests.m */ = {isa = PBXFileReference; lastKnownFileType = sourcecode.c.objc; path = RGridViewUITests.m; sourceTree = "<group>"; };
		04E9960F1DD1A37C0034F733 /* Info.plist */ = {isa = PBXFileReference; lastKnownFileType = text.plist.xml; path = Info.plist; sourceTree = "<group>"; };
/* End PBXFileReference section */

/* Begin PBXFrameworksBuildPhase section */
		04E995E21DD1A37C0034F733 /* Frameworks */ = {
			isa = PBXFrameworksBuildPhase;
			buildActionMask = 2147483647;
			files = (
			);
			runOnlyForDeploymentPostprocessing = 0;
		};
		04E995FB1DD1A37C0034F733 /* Frameworks */ = {
			isa = PBXFrameworksBuildPhase;
			buildActionMask = 2147483647;
			files = (
			);
			runOnlyForDeploymentPostprocessing = 0;
		};
		04E996061DD1A37C0034F733 /* Frameworks */ = {
			isa = PBXFrameworksBuildPhase;
			buildActionMask = 2147483647;
			files = (
			);
			runOnlyForDeploymentPostprocessing = 0;
		};
/* End PBXFrameworksBuildPhase section */

/* Begin PBXGroup section */
		04E995DC1DD1A37C0034F733 = {
			isa = PBXGroup;
			children = (
				04E995E71DD1A37C0034F733 /* RGridView */,
				04E996011DD1A37C0034F733 /* RGridViewTests */,
				04E9960C1DD1A37C0034F733 /* RGridViewUITests */,
				04E995E61DD1A37C0034F733 /* Products */,
			);
			sourceTree = "<group>";
		};
		04E995E61DD1A37C0034F733 /* Products */ = {
			isa = PBXGroup;
			children = (
				04E995E51DD1A37C0034F733 /* RGridView.app */,
				04E995FE1DD1A37C0034F733 /* RGridViewTests.xctest */,
				04E996091DD1A37C0034F733 /* RGridViewUITests.xctest */,
			);
			name = Products;
			sourceTree = "<group>";
		};
		04E995E71DD1A37C0034F733 /* RGridView */ = {
			isa = PBXGroup;
			children = (
				04E995EB1DD1A37C0034F733 /* AppDelegate.h */,
				04E995EC1DD1A37C0034F733 /* AppDelegate.m */,
				04E995EE1DD1A37C0034F733 /* ViewController.h */,
				04E995EF1DD1A37C0034F733 /* ViewController.m */,
				04E995F11DD1A37C0034F733 /* Main.storyboard */,
				04E995F41DD1A37C0034F733 /* Assets.xcassets */,
				04E995F61DD1A37C0034F733 /* LaunchScreen.storyboard */,
				04E995F91DD1A37C0034F733 /* Info.plist */,
				04E995E81DD1A37C0034F733 /* Supporting Files */,
			);
			path = RGridView;
			sourceTree = "<group>";
		};
		04E995E81DD1A37C0034F733 /* Supporting Files */ = {
			isa = PBXGroup;
			children = (
				04E995E91DD1A37C0034F733 /* main.m */,
			);
			name = "Supporting Files";
			sourceTree = "<group>";
		};
		04E996011DD1A37C0034F733 /* RGridViewTests */ = {
			isa = PBXGroup;
			children = (
				04E996021DD1A37C0034F733 /* RGridViewTests.m */,
				04E996041DD1A37C0034F733 /* Info.plist */,
			);
			path = RGridViewTests;
			sourceTree = "<group>";
		};
		04E9960C1DD1A37C0034F733 /* RGridViewUITests */ = {
			isa = PBXGroup;
			children = (
				04E9960D1DD1A37C0034F733 /* RGridViewUITests.m */,
				04E9960F1DD1A37C0034F733 /* Info.plist */,
			);
			path = RGridViewUITests;
			sourceTree = "<group>";
		};
/* End PBXGroup section */

/* Begin PBXNativeTarget section */
		04E995E41DD1A37C0034F733 /* RGridView */ = {
			isa = PBXNativeTarget;
			buildConfigurationList = 04E996121DD1A37C0034F733 /* Build configuration list for PBXNativeTarget "RGridView" */;
			buildPhases = (
				04E995E11DD1A37C0034F733 /* Sources */,
				04E995E21DD1A37C0034F733 /* Frameworks */,
				04E995E31DD1A37C0034F733 /* Resources */,
			);
			buildRules = (
			);
			dependencies = (
			);
			name = RGridView;
			productName = RGridView;
			productReference = 04E995E51DD1A37C0034F733 /* RGridView.app */;
			productType = "com.apple.product-type.application";
		};
		04E995FD1DD1A37C0034F733 /* RGridViewTests */ = {
			isa = PBXNativeTarget;
			buildConfigurationList = 04E996151DD1A37C0034F733 /* Build configuration list for PBXNativeTarget "RGridViewTests" */;
			buildPhases = (
				04E995FA1DD1A37C0034F733 /* Sources */,
				04E995FB1DD1A37C0034F733 /* Frameworks */,
				04E995FC1DD1A37C0034F733 /* Resources */,
			);
			buildRules = (
			);
			dependencies = (
				04E996001DD1A37C0034F733 /* PBXTargetDependency */,
			);
			name = RGridViewTests;
			productName = RGridViewTests;
			productReference = 04E995FE1DD1A37C0034F733 /* RGridViewTests.xctest */;
			productType = "com.apple.product-type.bundle.unit-test";
		};
		04E996081DD1A37C0034F733 /* RGridViewUITests */ = {
			isa = PBXNativeTarget;
			buildConfigurationList = 04E996181DD1A37C0034F733 /* Build configuration list for PBXNativeTarget "RGridViewUITests" */;
			buildPhases = (
				04E996051DD1A37C0034F733 /* Sources */,
				04E996061DD1A37C0034F733 /* Frameworks */,
				04E996071DD1A37C0034F733 /* Resources */,
			);
			buildRules = (
			);
			dependencies = (
				04E9960B1DD1A37C0034F733 /* PBXTargetDependency */,
			);
			name = RGridViewUITests;
			productName = RGridViewUITests;
			productReference = 04E996091DD1A37C0034F733 /* RGridViewUITests.xctest */;
			productType = "com.apple.product-type.bundle.ui-testing";
		};
/* End PBXNativeTarget section */

/* Begin PBXProject section */
		04E995DD1DD1A37C0034F733 /* Project object */ = {
			isa = PBXProject;
			attributes = {
				LastUpgradeCheck = 0700;
				ORGANIZATIONNAME = zhangjian;
				TargetAttributes = {
					04E995E41DD1A37C0034F733 = {
						CreatedOnToolsVersion = 7.0;
					};
					04E995FD1DD1A37C0034F733 = {
						CreatedOnToolsVersion = 7.0;
						TestTargetID = 04E995E41DD1A37C0034F733;
					};
					04E996081DD1A37C0034F733 = {
						CreatedOnToolsVersion = 7.0;
						TestTargetID = 04E995E41DD1A37C0034F733;
					};
				};
			};
			buildConfigurationList = 04E995E01DD1A37C0034F733 /* Build configuration list for PBXProject "RGridView" */;
			compatibilityVersion = "Xcode 3.2";
			developmentRegion = English;
			hasScannedForEncodings = 0;
			knownRegions = (
				en,
				Base,
			);
			mainGroup = 04E995DC1DD1A37C0034F733;
			productRefGroup = 04E995E61DD1A37C0034F733 /* Products */;
			projectDirPath = "";
			projectRoot = "";
			targets = (
				04E995E41DD1A37C0034F733 /* RGridView */,
				04E995FD1DD1A37C0034F733 /* RGridViewTests */,
				04E996081DD1A37C0034F733 /* RGridViewUITests */,
			);
		};
/* End PBXProject section */

/* Begin PBXResourcesBuildPhase section */
		04E995E31DD1A37C0034F733 /* Resources */ = {
			isa = PBXResourcesBuildPhase;
			buildActionMask = 2147483647;
			files = (
				04E995F81DD1A37C0034F733 /* LaunchScreen.storyboard in Resources */,
				04E995F51DD1A37C0034F733 /* Assets.xcassets in Resources */,
				04E995F31DD1A37C0034F733 /* Main.storyboard in Resources */,
			);
			runOnlyForDeploymentPostprocessing = 0;
		};
		04E995FC1DD1A37C0034F733 /* Resources */ = {
			isa = PBXResourcesBuildPhase;
			buildActionMask = 2147483647;
			files = (
			);
			runOnlyForDeploymentPostprocessing = 0;
		};
		04E996071DD1A37C0034F733 /* Resources */ = {
			isa = PBXResourcesBuildPhase;
			buildActionMask = 2147483647;
			files = (
			);
			runOnlyForDeploymentPostprocessing = 0;
		};
/* End PBXResourcesBuildPhase section */

/* Begin PBXSourcesBuildPhase section */
		04E995E11DD1A37C0034F733 /* Sources */ = {
			isa = PBXSourcesBuildPhase;
			buildActionMask = 2147483647;
			files = (
				04E995F01DD1A37C0034F733 /* ViewController.m in Sources */,
				04E995ED1DD1A37C0034F733 /* AppDelegate.m in Sources */,
				04E995EA1DD1A37C0034F733 /* main.m in Sources */,
			);
			runOnlyForDeploymentPostprocessing = 0;
		};
		04E995FA1DD1A37C0034F733 /* Sources */ = {
			isa = PBXSourcesBuildPhase;
			buildActionMask = 2147483647;
			files = (
				04E996031DD1A37C0034F733 /* RGridViewTests.m in Sources */,
			);
			runOnlyForDeploymentPostprocessing = 0;
		};
		04E996051DD1A37C0034F733 /* Sources */ = {
			isa = PBXSourcesBuildPhase;
			buildActionMask = 2147483647;
			files = (
				04E9960E1DD1A37C0034F733 /* RGridViewUITests.m in Sources */,
			);
			runOnlyForDeploymentPostprocessing = 0;
		};
/* End PBXSourcesBuildPhase section */

/* Begin PBXTargetDependency section */
		04E996001DD1A37C0034F733 /* PBXTargetDependency */ = {
			isa = PBXTargetDependency;
			target = 04E995E41DD1A37C0034F733 /* RGridView */;
			targetProxy = 04E995FF1DD1A37C0034F733 /* PBXContainerItemProxy */;
		};
		04E9960B1DD1A37C0034F733 /* PBXTargetDependency */ = {
			isa = PBXTargetDependency;
			target = 04E995E41DD1A37C0034F733 /* RGridView */;
			targetProxy = 04E9960A1DD1A37C0034F733 /* PBXContainerItemProxy */;
		};
/* End PBXTargetDependency section */

/* Begin PBXVariantGroup section */
		04E995F11DD1A37C0034F733 /* Main.storyboard */ = {
			isa = PBXVariantGroup;
			children = (
				04E995F21DD1A37C0034F733 /* Base */,
			);
			name = Main.storyboard;
			sourceTree = "<group>";
		};
		04E995F61DD1A37C0034F733 /* LaunchScreen.storyboard */ = {
			isa = PBXVariantGroup;
			children = (
				04E995F71DD1A37C0034F733 /* Base */,
			);
			name = LaunchScreen.storyboard;
			sourceTree = "<group>";
		};
/* End PBXVariantGroup section */

/* Begin XCBuildConfiguration section */
		04E996101DD1A37C0034F733 /* Debug */ = {
			isa = XCBuildConfiguration;
			buildSettings = {
				ALWAYS_SEARCH_USER_PATHS = NO;
				CLANG_CXX_LANGUAGE_STANDARD = "gnu++0x";
				CLANG_CXX_LIBRARY = "libc++";
				CLANG_ENABLE_MODULES = YES;
				CLANG_ENABLE_OBJC_ARC = YES;
				CLANG_WARN_BOOL_CONVERSION = YES;
				CLANG_WARN_CONSTANT_CONVERSION = YES;
				CLANG_WARN_DIRECT_OBJC_ISA_USAGE = YES_ERROR;
				CLANG_WARN_EMPTY_BODY = YES;
				CLANG_WARN_ENUM_CONVERSION = YES;
				CLANG_WARN_INT_CONVERSION = YES;
				CLANG_WARN_OBJC_ROOT_CLASS = YES_ERROR;
				CLANG_WARN_UNREACHABLE_CODE = YES;
				CLANG_WARN__DUPLICATE_METHOD_MATCH = YES;
				"CODE_SIGN_IDENTITY[sdk=iphoneos*]" = "iPhone Developer";
				COPY_PHASE_STRIP = NO;
				DEBUG_INFORMATION_FORMAT = dwarf;
				ENABLE_STRICT_OBJC_MSGSEND = YES;
				ENABLE_TESTABILITY = YES;
				GCC_C_LANGUAGE_STANDARD = gnu99;
				GCC_DYNAMIC_NO_PIC = NO;
				GCC_NO_COMMON_BLOCKS = YES;
				GCC_OPTIMIZATION_LEVEL = 0;
				GCC_PREPROCESSOR_DEFINITIONS = (
					"DEBUG=1",
					"$(inherited)",
				);
				GCC_WARN_64_TO_32_BIT_CONVERSION = YES;
				GCC_WARN_ABOUT_RETURN_TYPE = YES_ERROR;
				GCC_WARN_UNDECLARED_SELECTOR = YES;
				GCC_WARN_UNINITIALIZED_AUTOS = YES_AGGRESSIVE;
				GCC_WARN_UNUSED_FUNCTION = YES;
				GCC_WARN_UNUSED_VARIABLE = YES;
				IPHONEOS_DEPLOYMENT_TARGET = 9.0;
				MTL_ENABLE_DEBUG_INFO = YES;
				ONLY_ACTIVE_ARCH = YES;
				SDKROOT = iphoneos;
			};
			name = Debug;
		};
		04E996111DD1A37C0034F733 /* Release */ = {
			isa = XCBuildConfiguration;
			buildSettings = {
				ALWAYS_SEARCH_USER_PATHS = NO;
				CLANG_CXX_LANGUAGE_STANDARD = "gnu++0x";
				CLANG_CXX_LIBRARY = "libc++";
				CLANG_ENABLE_MODULES = YES;
				CLANG_ENABLE_OBJC_ARC = YES;
				CLANG_WARN_BOOL_CONVERSION = YES;
				CLANG_WARN_CONSTANT_CONVERSION = YES;
				CLANG_WARN_DIRECT_OBJC_ISA_USAGE = YES_ERROR;
				CLANG_WARN_EMPTY_BODY = YES;
				CLANG_WARN_ENUM_CONVERSION = YES;
				CLANG_WARN_INT_CONVERSION = YES;
				CLANG_WARN_OBJC_ROOT_CLASS = YES_ERROR;
				CLANG_WARN_UNREACHABLE_CODE = YES;
				CLANG_WARN__DUPLICATE_METHOD_MATCH = YES;
				"CODE_SIGN_IDENTITY[sdk=iphoneos*]" = "iPhone Developer";
				COPY_PHASE_STRIP = NO;
				DEBUG_INFORMATION_FORMAT = "dwarf-with-dsym";
				ENABLE_NS_ASSERTIONS = NO;
				ENABLE_STRICT_OBJC_MSGSEND = YES;
				GCC_C_LANGUAGE_STANDARD = gnu99;
				GCC_NO_COMMON_BLOCKS = YES;
				GCC_WARN_64_TO_32_BIT_CONVERSION = YES;
				GCC_WARN_ABOUT_RETURN_TYPE = YES_ERROR;
				GCC_WARN_UNDECLARED_SELECTOR = YES;
				GCC_WARN_UNINITIALIZED_AUTOS = YES_AGGRESSIVE;
				GCC_WARN_UNUSED_FUNCTION = YES;
				GCC_WARN_UNUSED_VARIABLE = YES;
				IPHONEOS_DEPLOYMENT_TARGET = 9.0;
				MTL_ENABLE_DEBUG_INFO = NO;
				SDKROOT = iphoneos;
				VALIDATE_PRODUCT = YES;
			};
			name = Release;
		};
		04E996131DD1A37C0034F733 /* Debug */ = {
			isa = XCBuildConfiguration;
			buildSettings = {
				ASSETCATALOG_COMPILER_APPICON_NAME = AppIcon;
				INFOPLIST_FILE = RGridView/Info.plist;
				LD_RUNPATH_SEARCH_PATHS = "$(inherited) @executable_path/Frameworks";
				PRODUCT_BUNDLE_IDENTIFIER = zhangjian.RGridView;
				PRODUCT_NAME = "$(TARGET_NAME)";
			};
			name = Debug;
		};
		04E996141DD1A37C0034F733 /* Release */ = {
			isa = XCBuildConfiguration;
			buildSettings = {
				ASSETCATALOG_COMPILER_APPICON_NAME = AppIcon;
				INFOPLIST_FILE = RGridView/Info.plist;
				LD_RUNPATH_SEARCH_PATHS = "$(inherited) @executable_path/Frameworks";
				PRODUCT_BUNDLE_IDENTIFIER = zhangjian.RGridView;
				PRODUCT_NAME = "$(TARGET_NAME)";
			};
			name = Release;
		};
		04E996161DD1A37C0034F733 /* Debug */ = {
			isa = XCBuildConfiguration;
			buildSettings = {
				BUNDLE_LOADER = "$(TEST_HOST)";
				INFOPLIST_FILE = RGridViewTests/Info.plist;
				LD_RUNPATH_SEARCH_PATHS = "$(inherited) @executable_path/Frameworks @loader_path/Frameworks";
				PRODUCT_BUNDLE_IDENTIFIER = zhangjian.RGridViewTests;
				PRODUCT_NAME = "$(TARGET_NAME)";
				TEST_HOST = "$(BUILT_PRODUCTS_DIR)/RGridView.app/RGridView";
			};
			name = Debug;
		};
		04E996171DD1A37C0034F733 /* Release */ = {
			isa = XCBuildConfiguration;
			buildSettings = {
				BUNDLE_LOADER = "$(TEST_HOST)";
				INFOPLIST_FILE = RGridViewTests/Info.plist;
				LD_RUNPATH_SEARCH_PATHS = "$(inherited) @executable_path/Frameworks @loader_path/Frameworks";
				PRODUCT_BUNDLE_IDENTIFIER = zhangjian.RGridViewTests;
				PRODUCT_NAME = "$(TARGET_NAME)";
				TEST_HOST = "$(BUILT_PRODUCTS_DIR)/RGridView.app/RGridView";
			};
			name = Release;
		};
		04E996191DD1A37C0034F733 /* Debug */ = {
			isa = XCBuildConfiguration;
			buildSettings = {
				INFOPLIST_FILE = RGridViewUITests/Info.plist;
				LD_RUNPATH_SEARCH_PATHS = "$(inherited) @executable_path/Frameworks @loader_path/Frameworks";
				PRODUCT_BUNDLE_IDENTIFIER = zhangjian.RGridViewUITests;
				PRODUCT_NAME = "$(TARGET_NAME)";
				TEST_TARGET_NAME = RGridView;
				USES_XCTRUNNER = YES;
			};
			name = Debug;
		};
		04E9961A1DD1A37C0034F733 /* Release */ = {
			isa = XCBuildConfiguration;
			buildSettings = {
				INFOPLIST_FILE = RGridViewUITests/Info.plist;
				LD_RUNPATH_SEARCH_PATHS = "$(inherited) @executable_path/Frameworks @loader_path/Frameworks";
				PRODUCT_BUNDLE_IDENTIFIER = zhangjian.RGridViewUITests;
				PRODUCT_NAME = "$(TARGET_NAME)";
				TEST_TARGET_NAME = RGridView;
				USES_XCTRUNNER = YES;
			};
			name = Release;
		};
/* End XCBuildConfiguration section */

/* Begin XCConfigurationList section */
		04E995E01DD1A37C0034F733 /* Build configuration list for PBXProject "RGridView" */ = {
			isa = XCConfigurationList;
			buildConfigurations = (
				04E996101DD1A37C0034F733 /* Debug */,
				04E996111DD1A37C0034F733 /* Release */,
			);
			defaultConfigurationIsVisible = 0;
			defaultConfigurationName = Release;
		};
		04E996121DD1A37C0034F733 /* Build configuration list for PBXNativeTarget "RGridView" */ = {
			isa = XCConfigurationList;
			buildConfigurations = (
				04E996131DD1A37C0034F733 /* Debug */,
				04E996141DD1A37C0034F733 /* Release */,
			);
			defaultConfigurationIsVisible = 0;
		};
		04E996151DD1A37C0034F733 /* Build configuration list for PBXNativeTarget "RGridViewTests" */ = {
			isa = XCConfigurationList;
			buildConfigurations = (
				04E996161DD1A37C0034F733 /* Debug */,
				04E996171DD1A37C0034F733 /* Release */,
			);
			defaultConfigurationIsVisible = 0;
		};
		04E996181DD1A37C0034F733 /* Build configuration list for PBXNativeTarget "RGridViewUITests" */ = {
			isa = XCConfigurationList;
			buildConfigurations = (
				04E996191DD1A37C0034F733 /* Debug */,
				04E9961A1DD1A37C0034F733 /* Release */,
			);
			defaultConfigurationIsVisible = 0;
		};
/* End XCConfigurationList section */
	};
	rootObject = 04E995DD1DD1A37C0034F733 /* Project object */;
}
